// !$*UTF8*$!
{
	archiveVersion = 1;
	classes = {
	};
	objectVersion = 46;
	objects = {

/* Begin PBXBuildFile section */
		A5C1B5151EA2A4AB007E7B8A /* IAPSwiftProducts.swift in Sources */ = {isa = PBXBuildFile; fileRef = A5C1B5141EA2A4AB007E7B8A /* IAPSwiftProducts.swift */; };
		A5EAEAD61EA291DA00A8216A /* AppDelegate.swift in Sources */ = {isa = PBXBuildFile; fileRef = A5EAEAD51EA291DA00A8216A /* AppDelegate.swift */; };
		A5EAEAD81EA291DA00A8216A /* ProductsViewController.swift in Sources */ = {isa = PBXBuildFile; fileRef = A5EAEAD71EA291DA00A8216A /* ProductsViewController.swift */; };
		A5EAEADB1EA291DA00A8216A /* Main.storyboard in Resources */ = {isa = PBXBuildFile; fileRef = A5EAEAD91EA291DA00A8216A /* Main.storyboard */; };
		A5EAEADD1EA291DA00A8216A /* Assets.xcassets in Resources */ = {isa = PBXBuildFile; fileRef = A5EAEADC1EA291DA00A8216A /* Assets.xcassets */; };
		A5EAEAE01EA291DA00A8216A /* LaunchScreen.storyboard in Resources */ = {isa = PBXBuildFile; fileRef = A5EAEADE1EA291DA00A8216A /* LaunchScreen.storyboard */; };
		A5EAEAEA1EA29DC100A8216A /* InAppPurchaseCell.swift in Sources */ = {isa = PBXBuildFile; fileRef = A5EAEAE71EA29DC100A8216A /* InAppPurchaseCell.swift */; };
		A5EAEAEB1EA29DC100A8216A /* InAppPurchaseCell.xib in Resources */ = {isa = PBXBuildFile; fileRef = A5EAEAE81EA29DC100A8216A /* InAppPurchaseCell.xib */; };
		A5EAEAEC1EA29DC100A8216A /* InAppPurchasesHelper.swift in Sources */ = {isa = PBXBuildFile; fileRef = A5EAEAE91EA29DC100A8216A /* InAppPurchasesHelper.swift */; };
		A5EAEAF11EA2A04200A8216A /* StoreKit.framework in Frameworks */ = {isa = PBXBuildFile; fileRef = A5EAEAF01EA2A04200A8216A /* StoreKit.framework */; };
/* End PBXBuildFile section */

/* Begin PBXFileReference section */
		A5C1B5141EA2A4AB007E7B8A /* IAPSwiftProducts.swift */ = {isa = PBXFileReference; fileEncoding = 4; lastKnownFileType = sourcecode.swift; path = IAPSwiftProducts.swift; sourceTree = "<group>"; };
		A5EAEAD21EA291DA00A8216A /* IAPSwift.app */ = {isa = PBXFileReference; explicitFileType = wrapper.application; includeInIndex = 0; path = IAPSwift.app; sourceTree = BUILT_PRODUCTS_DIR; };
		A5EAEAD51EA291DA00A8216A /* AppDelegate.swift */ = {isa = PBXFileReference; lastKnownFileType = sourcecode.swift; path = AppDelegate.swift; sourceTree = "<group>"; };
		A5EAEAD71EA291DA00A8216A /* ProductsViewController.swift */ = {isa = PBXFileReference; lastKnownFileType = sourcecode.swift; path = ProductsViewController.swift; sourceTree = "<group>"; };
		A5EAEADA1EA291DA00A8216A /* Base */ = {isa = PBXFileReference; lastKnownFileType = file.storyboard; name = Base; path = Base.lproj/Main.storyboard; sourceTree = "<group>"; };
		A5EAEADC1EA291DA00A8216A /* Assets.xcassets */ = {isa = PBXFileReference; lastKnownFileType = folder.assetcatalog; path = Assets.xcassets; sourceTree = "<group>"; };
		A5EAEADF1EA291DA00A8216A /* Base */ = {isa = PBXFileReference; lastKnownFileType = file.storyboard; name = Base; path = Base.lproj/LaunchScreen.storyboard; sourceTree = "<group>"; };
		A5EAEAE11EA291DA00A8216A /* Info.plist */ = {isa = PBXFileReference; lastKnownFileType = text.plist.xml; path = Info.plist; sourceTree = "<group>"; };
		A5EAEAE71EA29DC100A8216A /* InAppPurchaseCell.swift */ = {isa = PBXFileReference; fileEncoding = 4; lastKnownFileType = sourcecode.swift; path = InAppPurchaseCell.swift; sourceTree = "<group>"; };
		A5EAEAE81EA29DC100A8216A /* InAppPurchaseCell.xib */ = {isa = PBXFileReference; fileEncoding = 4; lastKnownFileType = file.xib; path = InAppPurchaseCell.xib; sourceTree = "<group>"; };
		A5EAEAE91EA29DC100A8216A /* InAppPurchasesHelper.swift */ = {isa = PBXFileReference; fileEncoding = 4; lastKnownFileType = sourcecode.swift; path = InAppPurchasesHelper.swift; sourceTree = "<group>"; };
		A5EAEAF01EA2A04200A8216A /* StoreKit.framework */ = {isa = PBXFileReference; lastKnownFileType = wrapper.framework; name = StoreKit.framework; path = System/Library/Frameworks/StoreKit.framework; sourceTree = SDKROOT; };
/* End PBXFileReference section */

/* Begin PBXFrameworksBuildPhase section */
		A5EAEACF1EA291DA00A8216A /* Frameworks */ = {
			isa = PBXFrameworksBuildPhase;
			buildActionMask = 2147483647;
			files = (
				A5EAEAF11EA2A04200A8216A /* StoreKit.framework in Frameworks */,
			);
			runOnlyForDeploymentPostprocessing = 0;
		};
/* End PBXFrameworksBuildPhase section */

/* Begin PBXGroup section */
		A5EAEAC91EA291DA00A8216A = {
			isa = PBXGroup;
			children = (
				A5EAEAD41EA291DA00A8216A /* IAPSwift */,
				A5EAEAD31EA291DA00A8216A /* Products */,
				A5EAEAED1EA29FF300A8216A /* Frameworks */,
			);
			sourceTree = "<group>";
		};
		A5EAEAD31EA291DA00A8216A /* Products */ = {
			isa = PBXGroup;
			children = (
				A5EAEAD21EA291DA00A8216A /* IAPSwift.app */,
			);
			name = Products;
			sourceTree = "<group>";
		};
		A5EAEAD41EA291DA00A8216A /* IAPSwift */ = {
			isa = PBXGroup;
			children = (
				A5C1B5141EA2A4AB007E7B8A /* IAPSwiftProducts.swift */,
				A5EAEAE71EA29DC100A8216A /* InAppPurchaseCell.swift */,
				A5EAEAE81EA29DC100A8216A /* InAppPurchaseCell.xib */,
				A5EAEAE91EA29DC100A8216A /* InAppPurchasesHelper.swift */,
				A5EAEAD51EA291DA00A8216A /* AppDelegate.swift */,
				A5EAEAD71EA291DA00A8216A /* ProductsViewController.swift */,
				A5EAEAD91EA291DA00A8216A /* Main.storyboard */,
				A5EAEADC1EA291DA00A8216A /* Assets.xcassets */,
				A5EAEADE1EA291DA00A8216A /* LaunchScreen.storyboard */,
				A5EAEAE11EA291DA00A8216A /* Info.plist */,
			);
			path = IAPSwift;
			sourceTree = "<group>";
		};
		A5EAEAED1EA29FF300A8216A /* Frameworks */ = {
			isa = PBXGroup;
			children = (
				A5EAEAF01EA2A04200A8216A /* StoreKit.framework */,
			);
			name = Frameworks;
			sourceTree = "<group>";
		};
/* End PBXGroup section */

/* Begin PBXNativeTarget section */
		A5EAEAD11EA291DA00A8216A /* IAPSwift */ = {
			isa = PBXNativeTarget;
			buildConfigurationList = A5EAEAE41EA291DA00A8216A /* Build configuration list for PBXNativeTarget "IAPSwift" */;
			buildPhases = (
				A5EAEACE1EA291DA00A8216A /* Sources */,
				A5EAEACF1EA291DA00A8216A /* Frameworks */,
				A5EAEAD01EA291DA00A8216A /* Resources */,
			);
			buildRules = (
			);
			dependencies = (
			);
			name = IAPSwift;
			productName = IAPSwift;
			productReference = A5EAEAD21EA291DA00A8216A /* IAPSwift.app */;
			productType = "com.apple.product-type.application";
		};
/* End PBXNativeTarget section */

/* Begin PBXProject section */
		A5EAEACA1EA291DA00A8216A /* Project object */ = {
			isa = PBXProject;
			attributes = {
				LastSwiftUpdateCheck = 0830;
				LastUpgradeCheck = 0830;
				ORGANIZATIONNAME = "Alliston Aleixo";
				TargetAttributes = {
					A5EAEAD11EA291DA00A8216A = {
						CreatedOnToolsVersion = 8.3.1;
						DevelopmentTeam = DLA5J5JEZ2;
						ProvisioningStyle = Automatic;
						SystemCapabilities = {
							com.apple.InAppPurchase = {
								enabled = 1;
							};
						};
					};
				};
			};
			buildConfigurationList = A5EAEACD1EA291DA00A8216A /* Build configuration list for PBXProject "IAPSwift" */;
			compatibilityVersion = "Xcode 3.2";
			developmentRegion = English;
			hasScannedForEncodings = 0;
			knownRegions = (
				en,
				Base,
			);
			mainGroup = A5EAEAC91EA291DA00A8216A;
			productRefGroup = A5EAEAD31EA291DA00A8216A /* Products */;
			projectDirPath = "";
			projectRoot = "";
			targets = (
				A5EAEAD11EA291DA00A8216A /* IAPSwift */,
			);
		};
/* End PBXProject section */

/* Begin PBXResourcesBuildPhase section */
		A5EAEAD01EA291DA00A8216A /* Resources */ = {
			isa = PBXResourcesBuildPhase;
			buildActionMask = 2147483647;
			files = (
				A5EAEAE01EA291DA00A8216A /* LaunchScreen.storyboard in Resources */,
				A5EAEAEB1EA29DC100A8216A /* InAppPurchaseCell.xib in Resources */,
				A5EAEADD1EA291DA00A8216A /* Assets.xcassets in Resources */,
				A5EAEADB1EA291DA00A8216A /* Main.storyboard in Resources */,
			);
			runOnlyForDeploymentPostprocessing = 0;
		};
/* End PBXResourcesBuildPhase section */

/* Begin PBXSourcesBuildPhase section */
		A5EAEACE1EA291DA00A8216A /* Sources */ = {
			isa = PBXSourcesBuildPhase;
			buildActionMask = 2147483647;
			files = (
				A5EAEAD81EA291DA00A8216A /* ProductsViewController.swift in Sources */,
				A5EAEAEA1EA29DC100A8216A /* InAppPurchaseCell.swift in Sources */,
				A5EAEAD61EA291DA00A8216A /* AppDelegate.swift in Sources */,
				A5EAEAEC1EA29DC100A8216A /* InAppPurchasesHelper.swift in Sources */,
				A5C1B5151EA2A4AB007E7B8A /* IAPSwiftProducts.swift in Sources */,
			);
			runOnlyForDeploymentPostprocessing = 0;
		};
/* End PBXSourcesBuildPhase section */

/* Begin PBXVariantGroup section */
		A5EAEAD91EA291DA00A8216A /* Main.storyboard */ = {
			isa = PBXVariantGroup;
			children = (
				A5EAEADA1EA291DA00A8216A /* Base */,
			);
			name = Main.storyboard;
			sourceTree = "<group>";
		};
		A5EAEADE1EA291DA00A8216A /* LaunchScreen.storyboard */ = {
			isa = PBXVariantGroup;
			children = (
				A5EAEADF1EA291DA00A8216A /* Base */,
			);
			name = LaunchScreen.storyboard;
			sourceTree = "<group>";
		};
/* End PBXVariantGroup section */

/* Begin XCBuildConfiguration section */
		A5EAEAE21EA291DA00A8216A /* Debug */ = {
			isa = XCBuildConfiguration;
			buildSettings = {
				ALWAYS_SEARCH_USER_PATHS = NO;
				CLANG_ANALYZER_NONNULL = YES;
				CLANG_ANALYZER_NUMBER_OBJECT_CONVERSION = YES_AGGRESSIVE;
				CLANG_CXX_LANGUAGE_STANDARD = "gnu++0x";
				CLANG_CXX_LIBRARY = "libc++";
				CLANG_ENABLE_MODULES = YES;
				CLANG_ENABLE_OBJC_ARC = YES;
				CLANG_WARN_BOOL_CONVERSION = YES;
				CLANG_WARN_CONSTANT_CONVERSION = YES;
				CLANG_WARN_DIRECT_OBJC_ISA_USAGE = YES_ERROR;
				CLANG_WARN_DOCUMENTATION_COMMENTS = YES;
				CLANG_WARN_EMPTY_BODY = YES;
				CLANG_WARN_ENUM_CONVERSION = YES;
				CLANG_WARN_INFINITE_RECURSION = YES;
				CLANG_WARN_INT_CONVERSION = YES;
				CLANG_WARN_OBJC_ROOT_CLASS = YES_ERROR;
				CLANG_WARN_SUSPICIOUS_MOVE = YES;
				CLANG_WARN_UNREACHABLE_CODE = YES;
				CLANG_WARN__DUPLICATE_METHOD_MATCH = YES;
				"CODE_SIGN_IDENTITY[sdk=iphoneos*]" = "iPhone Developer";
				COPY_PHASE_STRIP = NO;
				DEBUG_INFORMATION_FORMAT = dwarf;
				ENABLE_STRICT_OBJC_MSGSEND = YES;
				ENABLE_TESTABILITY = YES;
				GCC_C_LANGUAGE_STANDARD = gnu99;
				GCC_DYNAMIC_NO_PIC = NO;
				GCC_NO_COMMON_BLOCKS = YES;
				GCC_OPTIMIZATION_LEVEL = 0;
				GCC_PREPROCESSOR_DEFINITIONS = (
					"DEBUG=1",
					"$(inherited)",
				);
				GCC_WARN_64_TO_32_BIT_CONVERSION = YES;
				GCC_WARN_ABOUT_RETURN_TYPE = YES_ERROR;
				GCC_WARN_UNDECLARED_SELECTOR = YES;
				GCC_WARN_UNINITIALIZED_AUTOS = YES_AGGRESSIVE;
				GCC_WARN_UNUSED_FUNCTION = YES;
				GCC_WARN_UNUSED_VARIABLE = YES;
				IPHONEOS_DEPLOYMENT_TARGET = 10.3;
				MTL_ENABLE_DEBUG_INFO = YES;
				ONLY_ACTIVE_ARCH = YES;
				SDKROOT = iphoneos;
				SWIFT_ACTIVE_COMPILATION_CONDITIONS = DEBUG;
				SWIFT_OPTIMIZATION_LEVEL = "-Onone";
				TARGETED_DEVICE_FAMILY = "1,2";
			};
			name = Debug;
		};
		A5EAEAE31EA291DA00A8216A /* Release */ = {
			isa = XCBuildConfiguration;
			buildSettings = {
				ALWAYS_SEARCH_USER_PATHS = NO;
				CLANG_ANALYZER_NONNULL = YES;
				CLANG_ANALYZER_NUMBER_OBJECT_CONVERSION = YES_AGGRESSIVE;
				CLANG_CXX_LANGUAGE_STANDARD = "gnu++0x";
				CLANG_CXX_LIBRARY = "libc++";
				CLANG_ENABLE_MODULES = YES;
				CLANG_ENABLE_OBJC_ARC = YES;
				CLANG_WARN_BOOL_CONVERSION = YES;
				CLANG_WARN_CONSTANT_CONVERSION = YES;
				CLANG_WARN_DIRECT_OBJC_ISA_USAGE = YES_ERROR;
				CLANG_WARN_DOCUMENTATION_COMMENTS = YES;
				CLANG_WARN_EMPTY_BODY = YES;
				CLANG_WARN_ENUM_CONVERSION = YES;
				CLANG_WARN_INFINITE_RECURSION = YES;
				CLANG_WARN_INT_CONVERSION = YES;
				CLANG_WARN_OBJC_ROOT_CLASS = YES_ERROR;
				CLANG_WARN_SUSPICIOUS_MOVE = YES;
				CLANG_WARN_UNREACHABLE_CODE = YES;
				CLANG_WARN__DUPLICATE_METHOD_MATCH = YES;
				"CODE_SIGN_IDENTITY[sdk=iphoneos*]" = "iPhone Developer";
				COPY_PHASE_STRIP = NO;
				DEBUG_INFORMATION_FORMAT = "dwarf-with-dsym";
				ENABLE_NS_ASSERTIONS = NO;
				ENABLE_STRICT_OBJC_MSGSEND = YES;
				GCC_C_LANGUAGE_STANDARD = gnu99;
				GCC_NO_COMMON_BLOCKS = YES;
				GCC_WARN_64_TO_32_BIT_CONVERSION = YES;
				GCC_WARN_ABOUT_RETURN_TYPE = YES_ERROR;
				GCC_WARN_UNDECLARED_SELECTOR = YES;
				GCC_WARN_UNINITIALIZED_AUTOS = YES_AGGRESSIVE;
				GCC_WARN_UNUSED_FUNCTION = YES;
				GCC_WARN_UNUSED_VARIABLE = YES;
				IPHONEOS_DEPLOYMENT_TARGET = 10.3;
				MTL_ENABLE_DEBUG_INFO = NO;
				SDKROOT = iphoneos;
				SWIFT_OPTIMIZATION_LEVEL = "-Owholemodule";
				TARGETED_DEVICE_FAMILY = "1,2";
				VALIDATE_PRODUCT = YES;
			};
			name = Release;
		};
		A5EAEAE51EA291DA00A8216A /* Debug */ = {
			isa = XCBuildConfiguration;
			buildSettings = {
				ASSETCATALOG_COMPILER_APPICON_NAME = AppIcon;
				DEVELOPMENT_TEAM = DLA5J5JEZ2;
				INFOPLIST_FILE = IAPSwift/Info.plist;
				LD_RUNPATH_SEARCH_PATHS = "$(inherited) @executable_path/Frameworks";
				PRODUCT_BUNDLE_IDENTIFIER = com.alliston.IAPSwift;
				PRODUCT_NAME = "$(TARGET_NAME)";
				SWIFT_VERSION = 3.0;
			};
			name = Debug;
		};
		A5EAEAE61EA291DA00A8216A /* Release */ = {
			isa = XCBuildConfiguration;
			buildSettings = {
				ASSETCATALOG_COMPILER_APPICON_NAME = AppIcon;
				DEVELOPMENT_TEAM = DLA5J5JEZ2;
				INFOPLIST_FILE = IAPSwift/Info.plist;
				LD_RUNPATH_SEARCH_PATHS = "$(inherited) @executable_path/Frameworks";
				PRODUCT_BUNDLE_IDENTIFIER = com.alliston.IAPSwift;
				PRODUCT_NAME = "$(TARGET_NAME)";
				SWIFT_VERSION = 3.0;
			};
			name = Release;
		};
/* End XCBuildConfiguration section */

/* Begin XCConfigurationList section */
		A5EAEACD1EA291DA00A8216A /* Build configuration list for PBXProject "IAPSwift" */ = {
			isa = XCConfigurationList;
			buildConfigurations = (
				A5EAEAE21EA291DA00A8216A /* Debug */,
				A5EAEAE31EA291DA00A8216A /* Release */,
			);
			defaultConfigurationIsVisible = 0;
			defaultConfigurationName = Release;
		};
		A5EAEAE41EA291DA00A8216A /* Build configuration list for PBXNativeTarget "IAPSwift" */ = {
			isa = XCConfigurationList;
			buildConfigurations = (
				A5EAEAE51EA291DA00A8216A /* Debug */,
				A5EAEAE61EA291DA00A8216A /* Release */,
			);
			defaultConfigurationIsVisible = 0;
			defaultConfigurationName = Release;
		};
/* End XCConfigurationList section */
	};
	rootObject = A5EAEACA1EA291DA00A8216A /* Project object */;
}
